
Microsoft Visual Studio Solution File, Format Version 12.00
# Visual Studio Version 17
VisualStudioVersion = 17.7.34009.444
MinimumVisualStudioVersion = 10.0.40219.1
Project("{FAE04EC0-301F-11D3-BF4B-00C04F79EFBC}") = "CasoPractico2", "CasoPractico2\CasoPractico2.csproj", "{8EFFA994-F3A8-4B53-B87E-9C7B4F682D50}"
EndProject
Global
	GlobalSection(SolutionConfigurationPlatforms) = preSolution
		Debug|Any CPU = Debug|Any CPU
		Release|Any CPU = Release|Any CPU
	EndGlobalSection
	GlobalSection(ProjectConfigurationPlatforms) = postSolution
		{8EFFA994-F3A8-4B53-B87E-9C7B4F682D50}.Debug|Any CPU.ActiveCfg = Debug|Any CPU
		{8EFFA994-F3A8-4B53-B87E-9C7B4F682D50}.Debug|Any CPU.Build.0 = Debug|Any CPU
		{8EFFA994-F3A8-4B53-B87E-9C7B4F682D50}.Release|Any CPU.ActiveCfg = Release|Any CPU
		{8EFFA994-F3A8-4B53-B87E-9C7B4F682D50}.Release|Any CPU.Build.0 = Release|Any CPU
	EndGlobalSection
	GlobalSection(SolutionProperties) = preSolution
		HideSolutionNode = FALSE
	EndGlobalSection
	GlobalSection(ExtensibilityGlobals) = postSolution
		SolutionGuid = {85017871-F5FE-4339-887F-73C09C7B813D}
	EndGlobalSection
EndGlobal
